{
  "name": "Youtsapp",
  "lockfileVersion": 2,
  "requires": true,
  "packages": {
    "": {
      "dependencies": {
        "fg-emoji-picker": "^1.0.1"
      }
    },
    "node_modules/fg-emoji-picker": {
      "version": "1.0.1",
      "resolved": "https://registry.npmjs.org/fg-emoji-picker/-/fg-emoji-picker-1.0.1.tgz",
      "integrity": "sha512-7cZbyFvxnOdFciBxGV9SvQpPaFomn5qvJG2vlj9Cw1TKlkxL58WTXo0iwyq5+8fmPP1wrM88/MGGMh65alkxYg=="
    }
  },
  "dependencies": {
    "fg-emoji-picker": {
      "version": "1.0.1",
      "resolved": "https://registry.npmjs.org/fg-emoji-picker/-/fg-emoji-picker-1.0.1.tgz",
      "integrity": "sha512-7cZbyFvxnOdFciBxGV9SvQpPaFomn5qvJG2vlj9Cw1TKlkxL58WTXo0iwyq5+8fmPP1wrM88/MGGMh65alkxYg=="
    }
  }
}
